
Microsoft Visual Studio Solution File, Format Version 12.00
# Visual Studio Version 17
VisualStudioVersion = 17.13.35825.156
MinimumVisualStudioVersion = 10.0.40219.1
Project("{FAE04EC0-301F-11D3-BF4B-00C04F79EFBC}") = "Exercicio01", "Exercicio1\Exercicio01.csproj", "{0024F014-1778-4886-9EBF-8804F050715F}"
EndProject
Project("{FAE04EC0-301F-11D3-BF4B-00C04F79EFBC}") = "Exercicio02", "Exercicio2\Exercicio02.csproj", "{310C0D2E-0B1E-41E4-8048-91DF9C81F55F}"
EndProject
Project("{FAE04EC0-301F-11D3-BF4B-00C04F79EFBC}") = "Exercicio03", "Exercicio3\Exercicio03.csproj", "{C501F5AB-51D8-49ED-A08C-02F19909798C}"
EndProject
Project("{FAE04EC0-301F-11D3-BF4B-00C04F79EFBC}") = "Exercicio04", "Exercicio4\Exercicio04.csproj", "{EB5E1897-E797-4BC7-8DCB-B93A876AADF1}"
EndProject
Project("{FAE04EC0-301F-11D3-BF4B-00C04F79EFBC}") = "Exercicio05", "Exercicio5\Exercicio05.csproj", "{EBC824D4-47CE-453A-9B59-7EA34441DF91}"
EndProject
Project("{FAE04EC0-301F-11D3-BF4B-00C04F79EFBC}") = "Exercicio06", "Exercicio6\Exercicio06.csproj", "{19BF1059-2A93-49BD-905E-C2DAA1B148CE}"
EndProject
Project("{FAE04EC0-301F-11D3-BF4B-00C04F79EFBC}") = "Exercicio07", "Exercicio7\Exercicio07.csproj", "{C3E31F3A-285A-4F08-ABE3-0C45E65205B9}"
EndProject
Project("{FAE04EC0-301F-11D3-BF4B-00C04F79EFBC}") = "Exercicio08", "Exercicio8\Exercicio08.csproj", "{ECB0946F-3E65-4710-9B68-543687030F42}"
EndProject
Project("{FAE04EC0-301F-11D3-BF4B-00C04F79EFBC}") = "Exercicio09", "Exercicio9\Exercicio09.csproj", "{3882DD46-1939-44F4-B3FD-0C0DD1158229}"
EndProject
Project("{FAE04EC0-301F-11D3-BF4B-00C04F79EFBC}") = "Exercicio10", "Exercicio10\Exercicio10.csproj", "{B1716B16-9068-4DA4-1396-4369D816D5E5}"
EndProject
Project("{FAE04EC0-301F-11D3-BF4B-00C04F79EFBC}") = "Exercicio11", "Exercicio11\Exercicio11.csproj", "{99C2EEB5-038E-4801-A8EF-C459920174C5}"
EndProject
Project("{FAE04EC0-301F-11D3-BF4B-00C04F79EFBC}") = "Exercicio12", "Exercicio12\Exercicio12.csproj", "{7563DFD4-D139-4E33-A54C-8627D2B43011}"
EndProject
Project("{FAE04EC0-301F-11D3-BF4B-00C04F79EFBC}") = "Exercicio13", "Exercicio13\Exercicio13.csproj", "{7C6188CA-8D06-462E-BFD5-D1F277FEFB93}"
EndProject
Project("{FAE04EC0-301F-11D3-BF4B-00C04F79EFBC}") = "Exercicio14", "Exercicio14\Exercicio14.csproj", "{7AEA2164-5D96-4148-BA5E-F260F63B4171}"
EndProject
Project("{FAE04EC0-301F-11D3-BF4B-00C04F79EFBC}") = "Exercicio15", "Exercicio15\Exercicio15.csproj", "{7006D61C-228C-4294-91D2-CCF0FF51DC38}"
EndProject
Project("{FAE04EC0-301F-11D3-BF4B-00C04F79EFBC}") = "Exercicio16", "Exercicio16\Exercicio16.csproj", "{453DDAD1-395A-4FF8-852E-2FA2E6C65EEA}"
EndProject
Project("{FAE04EC0-301F-11D3-BF4B-00C04F79EFBC}") = "Exercicio17", "Exercicio17\Exercicio17.csproj", "{6128A3EC-7FF7-4B0C-A0DD-10A3A8966C3E}"
EndProject
Project("{FAE04EC0-301F-11D3-BF4B-00C04F79EFBC}") = "Exercicio18", "Exercicio18\Exercicio18.csproj", "{C611F4F5-3DBC-4249-872C-552C98C70331}"
EndProject
Global
	GlobalSection(SolutionConfigurationPlatforms) = preSolution
		Debug|Any CPU = Debug|Any CPU
		Release|Any CPU = Release|Any CPU
	EndGlobalSection
	GlobalSection(ProjectConfigurationPlatforms) = postSolution
		{0024F014-1778-4886-9EBF-8804F050715F}.Debug|Any CPU.ActiveCfg = Debug|Any CPU
		{0024F014-1778-4886-9EBF-8804F050715F}.Debug|Any CPU.Build.0 = Debug|Any CPU
		{0024F014-1778-4886-9EBF-8804F050715F}.Release|Any CPU.ActiveCfg = Release|Any CPU
		{0024F014-1778-4886-9EBF-8804F050715F}.Release|Any CPU.Build.0 = Release|Any CPU
		{310C0D2E-0B1E-41E4-8048-91DF9C81F55F}.Debug|Any CPU.ActiveCfg = Debug|Any CPU
		{310C0D2E-0B1E-41E4-8048-91DF9C81F55F}.Debug|Any CPU.Build.0 = Debug|Any CPU
		{310C0D2E-0B1E-41E4-8048-91DF9C81F55F}.Release|Any CPU.ActiveCfg = Release|Any CPU
		{310C0D2E-0B1E-41E4-8048-91DF9C81F55F}.Release|Any CPU.Build.0 = Release|Any CPU
		{C501F5AB-51D8-49ED-A08C-02F19909798C}.Debug|Any CPU.ActiveCfg = Debug|Any CPU
		{C501F5AB-51D8-49ED-A08C-02F19909798C}.Debug|Any CPU.Build.0 = Debug|Any CPU
		{C501F5AB-51D8-49ED-A08C-02F19909798C}.Release|Any CPU.ActiveCfg = Release|Any CPU
		{C501F5AB-51D8-49ED-A08C-02F19909798C}.Release|Any CPU.Build.0 = Release|Any CPU
		{EB5E1897-E797-4BC7-8DCB-B93A876AADF1}.Debug|Any CPU.ActiveCfg = Debug|Any CPU
		{EB5E1897-E797-4BC7-8DCB-B93A876AADF1}.Debug|Any CPU.Build.0 = Debug|Any CPU
		{EB5E1897-E797-4BC7-8DCB-B93A876AADF1}.Release|Any CPU.ActiveCfg = Release|Any CPU
		{EB5E1897-E797-4BC7-8DCB-B93A876AADF1}.Release|Any CPU.Build.0 = Release|Any CPU
		{EBC824D4-47CE-453A-9B59-7EA34441DF91}.Debug|Any CPU.ActiveCfg = Debug|Any CPU
		{EBC824D4-47CE-453A-9B59-7EA34441DF91}.Debug|Any CPU.Build.0 = Debug|Any CPU
		{EBC824D4-47CE-453A-9B59-7EA34441DF91}.Release|Any CPU.ActiveCfg = Release|Any CPU
		{EBC824D4-47CE-453A-9B59-7EA34441DF91}.Release|Any CPU.Build.0 = Release|Any CPU
		{19BF1059-2A93-49BD-905E-C2DAA1B148CE}.Debug|Any CPU.ActiveCfg = Debug|Any CPU
		{19BF1059-2A93-49BD-905E-C2DAA1B148CE}.Debug|Any CPU.Build.0 = Debug|Any CPU
		{19BF1059-2A93-49BD-905E-C2DAA1B148CE}.Release|Any CPU.ActiveCfg = Release|Any CPU
		{19BF1059-2A93-49BD-905E-C2DAA1B148CE}.Release|Any CPU.Build.0 = Release|Any CPU
		{C3E31F3A-285A-4F08-ABE3-0C45E65205B9}.Debug|Any CPU.ActiveCfg = Debug|Any CPU
		{C3E31F3A-285A-4F08-ABE3-0C45E65205B9}.Debug|Any CPU.Build.0 = Debug|Any CPU
		{C3E31F3A-285A-4F08-ABE3-0C45E65205B9}.Release|Any CPU.ActiveCfg = Release|Any CPU
		{C3E31F3A-285A-4F08-ABE3-0C45E65205B9}.Release|Any CPU.Build.0 = Release|Any CPU
		{ECB0946F-3E65-4710-9B68-543687030F42}.Debug|Any CPU.ActiveCfg = Debug|Any CPU
		{ECB0946F-3E65-4710-9B68-543687030F42}.Debug|Any CPU.Build.0 = Debug|Any CPU
		{ECB0946F-3E65-4710-9B68-543687030F42}.Release|Any CPU.ActiveCfg = Release|Any CPU
		{ECB0946F-3E65-4710-9B68-543687030F42}.Release|Any CPU.Build.0 = Release|Any CPU
		{3882DD46-1939-44F4-B3FD-0C0DD1158229}.Debug|Any CPU.ActiveCfg = Debug|Any CPU
		{3882DD46-1939-44F4-B3FD-0C0DD1158229}.Debug|Any CPU.Build.0 = Debug|Any CPU
		{3882DD46-1939-44F4-B3FD-0C0DD1158229}.Release|Any CPU.ActiveCfg = Release|Any CPU
		{3882DD46-1939-44F4-B3FD-0C0DD1158229}.Release|Any CPU.Build.0 = Release|Any CPU
		{B1716B16-9068-4DA4-1396-4369D816D5E5}.Debug|Any CPU.ActiveCfg = Debug|Any CPU
		{B1716B16-9068-4DA4-1396-4369D816D5E5}.Debug|Any CPU.Build.0 = Debug|Any CPU
		{B1716B16-9068-4DA4-1396-4369D816D5E5}.Release|Any CPU.ActiveCfg = Release|Any CPU
		{B1716B16-9068-4DA4-1396-4369D816D5E5}.Release|Any CPU.Build.0 = Release|Any CPU
		{99C2EEB5-038E-4801-A8EF-C459920174C5}.Debug|Any CPU.ActiveCfg = Debug|Any CPU
		{99C2EEB5-038E-4801-A8EF-C459920174C5}.Debug|Any CPU.Build.0 = Debug|Any CPU
		{99C2EEB5-038E-4801-A8EF-C459920174C5}.Release|Any CPU.ActiveCfg = Release|Any CPU
		{99C2EEB5-038E-4801-A8EF-C459920174C5}.Release|Any CPU.Build.0 = Release|Any CPU
		{7563DFD4-D139-4E33-A54C-8627D2B43011}.Debug|Any CPU.ActiveCfg = Debug|Any CPU
		{7563DFD4-D139-4E33-A54C-8627D2B43011}.Debug|Any CPU.Build.0 = Debug|Any CPU
		{7563DFD4-D139-4E33-A54C-8627D2B43011}.Release|Any CPU.ActiveCfg = Release|Any CPU
		{7563DFD4-D139-4E33-A54C-8627D2B43011}.Release|Any CPU.Build.0 = Release|Any CPU
		{7C6188CA-8D06-462E-BFD5-D1F277FEFB93}.Debug|Any CPU.ActiveCfg = Debug|Any CPU
		{7C6188CA-8D06-462E-BFD5-D1F277FEFB93}.Debug|Any CPU.Build.0 = Debug|Any CPU
		{7C6188CA-8D06-462E-BFD5-D1F277FEFB93}.Release|Any CPU.ActiveCfg = Release|Any CPU
		{7C6188CA-8D06-462E-BFD5-D1F277FEFB93}.Release|Any CPU.Build.0 = Release|Any CPU
		{7AEA2164-5D96-4148-BA5E-F260F63B4171}.Debug|Any CPU.ActiveCfg = Debug|Any CPU
		{7AEA2164-5D96-4148-BA5E-F260F63B4171}.Debug|Any CPU.Build.0 = Debug|Any CPU
		{7AEA2164-5D96-4148-BA5E-F260F63B4171}.Release|Any CPU.ActiveCfg = Release|Any CPU
		{7AEA2164-5D96-4148-BA5E-F260F63B4171}.Release|Any CPU.Build.0 = Release|Any CPU
		{7006D61C-228C-4294-91D2-CCF0FF51DC38}.Debug|Any CPU.ActiveCfg = Debug|Any CPU
		{7006D61C-228C-4294-91D2-CCF0FF51DC38}.Debug|Any CPU.Build.0 = Debug|Any CPU
		{7006D61C-228C-4294-91D2-CCF0FF51DC38}.Release|Any CPU.ActiveCfg = Release|Any CPU
		{7006D61C-228C-4294-91D2-CCF0FF51DC38}.Release|Any CPU.Build.0 = Release|Any CPU
		{453DDAD1-395A-4FF8-852E-2FA2E6C65EEA}.Debug|Any CPU.ActiveCfg = Debug|Any CPU
		{453DDAD1-395A-4FF8-852E-2FA2E6C65EEA}.Debug|Any CPU.Build.0 = Debug|Any CPU
		{453DDAD1-395A-4FF8-852E-2FA2E6C65EEA}.Release|Any CPU.ActiveCfg = Release|Any CPU
		{453DDAD1-395A-4FF8-852E-2FA2E6C65EEA}.Release|Any CPU.Build.0 = Release|Any CPU
		{6128A3EC-7FF7-4B0C-A0DD-10A3A8966C3E}.Debug|Any CPU.ActiveCfg = Debug|Any CPU
		{6128A3EC-7FF7-4B0C-A0DD-10A3A8966C3E}.Debug|Any CPU.Build.0 = Debug|Any CPU
		{6128A3EC-7FF7-4B0C-A0DD-10A3A8966C3E}.Release|Any CPU.ActiveCfg = Release|Any CPU
		{6128A3EC-7FF7-4B0C-A0DD-10A3A8966C3E}.Release|Any CPU.Build.0 = Release|Any CPU
		{C611F4F5-3DBC-4249-872C-552C98C70331}.Debug|Any CPU.ActiveCfg = Debug|Any CPU
		{C611F4F5-3DBC-4249-872C-552C98C70331}.Debug|Any CPU.Build.0 = Debug|Any CPU
		{C611F4F5-3DBC-4249-872C-552C98C70331}.Release|Any CPU.ActiveCfg = Release|Any CPU
		{C611F4F5-3DBC-4249-872C-552C98C70331}.Release|Any CPU.Build.0 = Release|Any CPU
	EndGlobalSection
	GlobalSection(SolutionProperties) = preSolution
		HideSolutionNode = FALSE
	EndGlobalSection
	GlobalSection(ExtensibilityGlobals) = postSolution
		SolutionGuid = {7106FA4A-0F5C-438F-984F-43657076E540}
	EndGlobalSection
EndGlobal
